
Microsoft Visual Studio Solution File, Format Version 12.00
# Visual Studio Version 17
VisualStudioVersion = 17.9.34728.123
MinimumVisualStudioVersion = 10.0.40219.1
Project("{9A19103F-16F7-4668-BE54-9A1E7A4F7556}") = "Resume", "Resume\Resume.csproj", "{2754ACC7-3EF7-4B36-8336-2B8BC277C50D}"
EndProject
Project("{2150E333-8FDC-42A3-9474-1A3956D46DE8}") = "src", "src", "{7F430112-30C4-474F-B1A5-F058D2040A1C}"
EndProject
Project("{2150E333-8FDC-42A3-9474-1A3956D46DE8}") = "tests", "tests", "{A0C5C32D-75E5-46D1-A88D-5F9460A437FC}"
EndProject
Project("{2150E333-8FDC-42A3-9474-1A3956D46DE8}") = "Core", "Core", "{777DAADC-E30E-4D3C-A35E-C29682307658}"
EndProject
Project("{2150E333-8FDC-42A3-9474-1A3956D46DE8}") = "Infastructure", "Infastructure", "{8F5FCAA5-05A4-48B8-A3EE-7885E11426DD}"
EndProject
Project("{FAE04EC0-301F-11D3-BF4B-00C04F79EFBC}") = "Domain", "src\Core\Domain\Domain.csproj", "{D2DBD7C0-7A00-4926-884B-1E32869F6358}"
EndProject
Project("{FAE04EC0-301F-11D3-BF4B-00C04F79EFBC}") = "Services", "src\Core\Services\Services.csproj", "{BEEC0E9F-CE84-40F3-A1DB-35210CE1A04C}"
EndProject
Project("{FAE04EC0-301F-11D3-BF4B-00C04F79EFBC}") = "Persistence", "src\Infastructure\Persistence\Persistence.csproj", "{6FF55CEE-E89E-43E7-8AED-D3CAA6090D11}"
EndProject
Project("{2150E333-8FDC-42A3-9474-1A3956D46DE8}") = "Presentation", "Presentation", "{E761D1FE-8BD6-4B97-A3BE-C5790BE66298}"
EndProject
Project("{FAE04EC0-301F-11D3-BF4B-00C04F79EFBC}") = "WebUI", "src\Presentation\WebUI\WebUI.csproj", "{0F1E7F80-AFC1-40D0-8B23-2303AA52134A}"
EndProject
Project("{FAE04EC0-301F-11D3-BF4B-00C04F79EFBC}") = "Services.Implementation", "src\Core\Services.Implementation\Services.Implementation.csproj", "{8214ADAE-F20E-400D-9A15-D139B970059C}"
EndProject
Global
	GlobalSection(SolutionConfigurationPlatforms) = preSolution
		Debug|Any CPU = Debug|Any CPU
		Release|Any CPU = Release|Any CPU
	EndGlobalSection
	GlobalSection(ProjectConfigurationPlatforms) = postSolution
		{2754ACC7-3EF7-4B36-8336-2B8BC277C50D}.Debug|Any CPU.ActiveCfg = Debug|Any CPU
		{2754ACC7-3EF7-4B36-8336-2B8BC277C50D}.Debug|Any CPU.Build.0 = Debug|Any CPU
		{2754ACC7-3EF7-4B36-8336-2B8BC277C50D}.Release|Any CPU.ActiveCfg = Release|Any CPU
		{2754ACC7-3EF7-4B36-8336-2B8BC277C50D}.Release|Any CPU.Build.0 = Release|Any CPU
		{D2DBD7C0-7A00-4926-884B-1E32869F6358}.Debug|Any CPU.ActiveCfg = Debug|Any CPU
		{D2DBD7C0-7A00-4926-884B-1E32869F6358}.Debug|Any CPU.Build.0 = Debug|Any CPU
		{D2DBD7C0-7A00-4926-884B-1E32869F6358}.Release|Any CPU.ActiveCfg = Release|Any CPU
		{D2DBD7C0-7A00-4926-884B-1E32869F6358}.Release|Any CPU.Build.0 = Release|Any CPU
		{BEEC0E9F-CE84-40F3-A1DB-35210CE1A04C}.Debug|Any CPU.ActiveCfg = Debug|Any CPU
		{BEEC0E9F-CE84-40F3-A1DB-35210CE1A04C}.Debug|Any CPU.Build.0 = Debug|Any CPU
		{BEEC0E9F-CE84-40F3-A1DB-35210CE1A04C}.Release|Any CPU.ActiveCfg = Release|Any CPU
		{BEEC0E9F-CE84-40F3-A1DB-35210CE1A04C}.Release|Any CPU.Build.0 = Release|Any CPU
		{6FF55CEE-E89E-43E7-8AED-D3CAA6090D11}.Debug|Any CPU.ActiveCfg = Debug|Any CPU
		{6FF55CEE-E89E-43E7-8AED-D3CAA6090D11}.Debug|Any CPU.Build.0 = Debug|Any CPU
		{6FF55CEE-E89E-43E7-8AED-D3CAA6090D11}.Release|Any CPU.ActiveCfg = Release|Any CPU
		{6FF55CEE-E89E-43E7-8AED-D3CAA6090D11}.Release|Any CPU.Build.0 = Release|Any CPU
		{0F1E7F80-AFC1-40D0-8B23-2303AA52134A}.Debug|Any CPU.ActiveCfg = Debug|Any CPU
		{0F1E7F80-AFC1-40D0-8B23-2303AA52134A}.Debug|Any CPU.Build.0 = Debug|Any CPU
		{0F1E7F80-AFC1-40D0-8B23-2303AA52134A}.Release|Any CPU.ActiveCfg = Release|Any CPU
		{0F1E7F80-AFC1-40D0-8B23-2303AA52134A}.Release|Any CPU.Build.0 = Release|Any CPU
		{8214ADAE-F20E-400D-9A15-D139B970059C}.Debug|Any CPU.ActiveCfg = Debug|Any CPU
		{8214ADAE-F20E-400D-9A15-D139B970059C}.Debug|Any CPU.Build.0 = Debug|Any CPU
		{8214ADAE-F20E-400D-9A15-D139B970059C}.Release|Any CPU.ActiveCfg = Release|Any CPU
		{8214ADAE-F20E-400D-9A15-D139B970059C}.Release|Any CPU.Build.0 = Release|Any CPU
	EndGlobalSection
	GlobalSection(SolutionProperties) = preSolution
		HideSolutionNode = FALSE
	EndGlobalSection
	GlobalSection(NestedProjects) = preSolution
		{777DAADC-E30E-4D3C-A35E-C29682307658} = {7F430112-30C4-474F-B1A5-F058D2040A1C}
		{8F5FCAA5-05A4-48B8-A3EE-7885E11426DD} = {7F430112-30C4-474F-B1A5-F058D2040A1C}
		{D2DBD7C0-7A00-4926-884B-1E32869F6358} = {777DAADC-E30E-4D3C-A35E-C29682307658}
		{BEEC0E9F-CE84-40F3-A1DB-35210CE1A04C} = {777DAADC-E30E-4D3C-A35E-C29682307658}
		{6FF55CEE-E89E-43E7-8AED-D3CAA6090D11} = {8F5FCAA5-05A4-48B8-A3EE-7885E11426DD}
		{E761D1FE-8BD6-4B97-A3BE-C5790BE66298} = {7F430112-30C4-474F-B1A5-F058D2040A1C}
		{0F1E7F80-AFC1-40D0-8B23-2303AA52134A} = {E761D1FE-8BD6-4B97-A3BE-C5790BE66298}
		{8214ADAE-F20E-400D-9A15-D139B970059C} = {777DAADC-E30E-4D3C-A35E-C29682307658}
	EndGlobalSection
	GlobalSection(ExtensibilityGlobals) = postSolution
		SolutionGuid = {A2D247BE-E585-4417-8DD9-AD9FCD592DA6}
	EndGlobalSection
EndGlobal
